
Microsoft Visual Studio Solution File, Format Version 12.00
# Visual Studio Version 17
VisualStudioVersion = 17.9.34728.123
MinimumVisualStudioVersion = 10.0.40219.1
Project("{9A19103F-16F7-4668-BE54-9A1E7A4F7556}") = "EntidadesCentralita", "Centralita\EntidadesCentralita.csproj", "{9CFC7494-8CDD-4113-A870-1C842E1E36E7}"
EndProject
Project("{9A19103F-16F7-4668-BE54-9A1E7A4F7556}") = "Test", "Test\Test.csproj", "{1FF8D697-FE2D-4BA8-9775-1359020FD615}"
EndProject
Project("{9A19103F-16F7-4668-BE54-9A1E7A4F7556}") = "CentralitaForm", "C01 - La centralita Episodio II\CentralitaForm.csproj", "{978FFAB9-94C9-4449-BD83-9B1F74CDDCBE}"
EndProject
Project("{9A19103F-16F7-4668-BE54-9A1E7A4F7556}") = "CentralitaTest", "CentralitaTest\CentralitaTest.csproj", "{74CD8AED-A100-4E18-B47D-14E48740209F}"
EndProject
Project("{FAE04EC0-301F-11D3-BF4B-00C04F79EFBC}") = "EntidadesDAO", "EntidadesDAO\EntidadesDAO.csproj", "{2CA3B651-27FC-4819-BC71-64E44FD7CBC9}"
EndProject
Global
	GlobalSection(SolutionConfigurationPlatforms) = preSolution
		Debug|Any CPU = Debug|Any CPU
		Release|Any CPU = Release|Any CPU
	EndGlobalSection
	GlobalSection(ProjectConfigurationPlatforms) = postSolution
		{9CFC7494-8CDD-4113-A870-1C842E1E36E7}.Debug|Any CPU.ActiveCfg = Debug|Any CPU
		{9CFC7494-8CDD-4113-A870-1C842E1E36E7}.Debug|Any CPU.Build.0 = Debug|Any CPU
		{9CFC7494-8CDD-4113-A870-1C842E1E36E7}.Release|Any CPU.ActiveCfg = Release|Any CPU
		{9CFC7494-8CDD-4113-A870-1C842E1E36E7}.Release|Any CPU.Build.0 = Release|Any CPU
		{1FF8D697-FE2D-4BA8-9775-1359020FD615}.Debug|Any CPU.ActiveCfg = Debug|Any CPU
		{1FF8D697-FE2D-4BA8-9775-1359020FD615}.Debug|Any CPU.Build.0 = Debug|Any CPU
		{1FF8D697-FE2D-4BA8-9775-1359020FD615}.Release|Any CPU.ActiveCfg = Release|Any CPU
		{1FF8D697-FE2D-4BA8-9775-1359020FD615}.Release|Any CPU.Build.0 = Release|Any CPU
		{978FFAB9-94C9-4449-BD83-9B1F74CDDCBE}.Debug|Any CPU.ActiveCfg = Debug|Any CPU
		{978FFAB9-94C9-4449-BD83-9B1F74CDDCBE}.Debug|Any CPU.Build.0 = Debug|Any CPU
		{978FFAB9-94C9-4449-BD83-9B1F74CDDCBE}.Release|Any CPU.ActiveCfg = Release|Any CPU
		{978FFAB9-94C9-4449-BD83-9B1F74CDDCBE}.Release|Any CPU.Build.0 = Release|Any CPU
		{74CD8AED-A100-4E18-B47D-14E48740209F}.Debug|Any CPU.ActiveCfg = Debug|Any CPU
		{74CD8AED-A100-4E18-B47D-14E48740209F}.Debug|Any CPU.Build.0 = Debug|Any CPU
		{74CD8AED-A100-4E18-B47D-14E48740209F}.Release|Any CPU.ActiveCfg = Release|Any CPU
		{74CD8AED-A100-4E18-B47D-14E48740209F}.Release|Any CPU.Build.0 = Release|Any CPU
		{2CA3B651-27FC-4819-BC71-64E44FD7CBC9}.Debug|Any CPU.ActiveCfg = Debug|Any CPU
		{2CA3B651-27FC-4819-BC71-64E44FD7CBC9}.Debug|Any CPU.Build.0 = Debug|Any CPU
		{2CA3B651-27FC-4819-BC71-64E44FD7CBC9}.Release|Any CPU.ActiveCfg = Release|Any CPU
		{2CA3B651-27FC-4819-BC71-64E44FD7CBC9}.Release|Any CPU.Build.0 = Release|Any CPU
	EndGlobalSection
	GlobalSection(SolutionProperties) = preSolution
		HideSolutionNode = FALSE
	EndGlobalSection
	GlobalSection(ExtensibilityGlobals) = postSolution
		SolutionGuid = {0715800F-F7CD-4FCB-93F6-FB3CCF2B2D29}
	EndGlobalSection
EndGlobal
