
Microsoft Visual Studio Solution File, Format Version 12.00
# Visual Studio Version 17
VisualStudioVersion = 17.9.34728.123
MinimumVisualStudioVersion = 10.0.40219.1
Project("{9A19103F-16F7-4668-BE54-9A1E7A4F7556}") = "EntidadesCentralita", "Centralita\EntidadesCentralita.csproj", "{CEFB0EC7-248A-4616-9ED8-CB265B977991}"
EndProject
Project("{9A19103F-16F7-4668-BE54-9A1E7A4F7556}") = "Test", "Test\Test.csproj", "{A062CC11-76B0-437B-A7C7-B95781FCCD8E}"
EndProject
Global
	GlobalSection(SolutionConfigurationPlatforms) = preSolution
		Debug|Any CPU = Debug|Any CPU
		Release|Any CPU = Release|Any CPU
	EndGlobalSection
	GlobalSection(ProjectConfigurationPlatforms) = postSolution
		{CEFB0EC7-248A-4616-9ED8-CB265B977991}.Debug|Any CPU.ActiveCfg = Debug|Any CPU
		{CEFB0EC7-248A-4616-9ED8-CB265B977991}.Debug|Any CPU.Build.0 = Debug|Any CPU
		{CEFB0EC7-248A-4616-9ED8-CB265B977991}.Release|Any CPU.ActiveCfg = Release|Any CPU
		{CEFB0EC7-248A-4616-9ED8-CB265B977991}.Release|Any CPU.Build.0 = Release|Any CPU
		{A062CC11-76B0-437B-A7C7-B95781FCCD8E}.Debug|Any CPU.ActiveCfg = Debug|Any CPU
		{A062CC11-76B0-437B-A7C7-B95781FCCD8E}.Debug|Any CPU.Build.0 = Debug|Any CPU
		{A062CC11-76B0-437B-A7C7-B95781FCCD8E}.Release|Any CPU.ActiveCfg = Release|Any CPU
		{A062CC11-76B0-437B-A7C7-B95781FCCD8E}.Release|Any CPU.Build.0 = Release|Any CPU
	EndGlobalSection
	GlobalSection(SolutionProperties) = preSolution
		HideSolutionNode = FALSE
	EndGlobalSection
	GlobalSection(ExtensibilityGlobals) = postSolution
		SolutionGuid = {124F9CFD-ED60-4CAD-B060-53088A08C592}
	EndGlobalSection
EndGlobal
