
Microsoft Visual Studio Solution File, Format Version 12.00
# Visual Studio Version 17
VisualStudioVersion = 17.10.35004.147
MinimumVisualStudioVersion = 10.0.40219.1
Project("{9A19103F-16F7-4668-BE54-9A1E7A4F7556}") = "Test", "Test\Test.csproj", "{713E54ED-8DAB-4E54-9100-FC986CCE7DA6}"
EndProject
Project("{9A19103F-16F7-4668-BE54-9A1E7A4F7556}") = "Entidades", "Entidades\Entidades.csproj", "{2B930D19-895D-4A5A-856D-E7454530174A}"
EndProject
Project("{FAE04EC0-301F-11D3-BF4B-00C04F79EFBC}") = "EntidadesMiPrimerCrud", "EntidadesMiPrimerCrud\EntidadesMiPrimerCrud.csproj", "{D7B6FFA8-49D2-4653-B056-E46D233C389E}"
EndProject
Project("{FAE04EC0-301F-11D3-BF4B-00C04F79EFBC}") = "TestMiPrimerCrud", "TestMiPrimerCrud\TestMiPrimerCrud.csproj", "{61890271-E88F-4150-AF0C-6EF24F74DB82}"
EndProject
Project("{FAE04EC0-301F-11D3-BF4B-00C04F79EFBC}") = "MiCrudForm", "MiCrudForm\MiCrudForm.csproj", "{779E09F8-E0A6-4A1B-B65E-2EC6237EA3E7}"
EndProject
Global
	GlobalSection(SolutionConfigurationPlatforms) = preSolution
		Debug|Any CPU = Debug|Any CPU
		Release|Any CPU = Release|Any CPU
	EndGlobalSection
	GlobalSection(ProjectConfigurationPlatforms) = postSolution
		{713E54ED-8DAB-4E54-9100-FC986CCE7DA6}.Debug|Any CPU.ActiveCfg = Debug|Any CPU
		{713E54ED-8DAB-4E54-9100-FC986CCE7DA6}.Debug|Any CPU.Build.0 = Debug|Any CPU
		{713E54ED-8DAB-4E54-9100-FC986CCE7DA6}.Release|Any CPU.ActiveCfg = Release|Any CPU
		{713E54ED-8DAB-4E54-9100-FC986CCE7DA6}.Release|Any CPU.Build.0 = Release|Any CPU
		{2B930D19-895D-4A5A-856D-E7454530174A}.Debug|Any CPU.ActiveCfg = Debug|Any CPU
		{2B930D19-895D-4A5A-856D-E7454530174A}.Debug|Any CPU.Build.0 = Debug|Any CPU
		{2B930D19-895D-4A5A-856D-E7454530174A}.Release|Any CPU.ActiveCfg = Release|Any CPU
		{2B930D19-895D-4A5A-856D-E7454530174A}.Release|Any CPU.Build.0 = Release|Any CPU
		{D7B6FFA8-49D2-4653-B056-E46D233C389E}.Debug|Any CPU.ActiveCfg = Debug|Any CPU
		{D7B6FFA8-49D2-4653-B056-E46D233C389E}.Debug|Any CPU.Build.0 = Debug|Any CPU
		{D7B6FFA8-49D2-4653-B056-E46D233C389E}.Release|Any CPU.ActiveCfg = Release|Any CPU
		{D7B6FFA8-49D2-4653-B056-E46D233C389E}.Release|Any CPU.Build.0 = Release|Any CPU
		{61890271-E88F-4150-AF0C-6EF24F74DB82}.Debug|Any CPU.ActiveCfg = Debug|Any CPU
		{61890271-E88F-4150-AF0C-6EF24F74DB82}.Debug|Any CPU.Build.0 = Debug|Any CPU
		{61890271-E88F-4150-AF0C-6EF24F74DB82}.Release|Any CPU.ActiveCfg = Release|Any CPU
		{61890271-E88F-4150-AF0C-6EF24F74DB82}.Release|Any CPU.Build.0 = Release|Any CPU
		{779E09F8-E0A6-4A1B-B65E-2EC6237EA3E7}.Debug|Any CPU.ActiveCfg = Debug|Any CPU
		{779E09F8-E0A6-4A1B-B65E-2EC6237EA3E7}.Debug|Any CPU.Build.0 = Debug|Any CPU
		{779E09F8-E0A6-4A1B-B65E-2EC6237EA3E7}.Release|Any CPU.ActiveCfg = Release|Any CPU
		{779E09F8-E0A6-4A1B-B65E-2EC6237EA3E7}.Release|Any CPU.Build.0 = Release|Any CPU
	EndGlobalSection
	GlobalSection(SolutionProperties) = preSolution
		HideSolutionNode = FALSE
	EndGlobalSection
	GlobalSection(ExtensibilityGlobals) = postSolution
		SolutionGuid = {6C9521FB-9179-4C47-BC3F-F4D89E2691A2}
	EndGlobalSection
EndGlobal
