
Microsoft Visual Studio Solution File, Format Version 12.00
# Visual Studio Version 17
VisualStudioVersion = 17.9.34728.123
MinimumVisualStudioVersion = 10.0.40219.1
Project("{9A19103F-16F7-4668-BE54-9A1E7A4F7556}") = "Ejercicio I01 - Validador de rangos", "Ejercicio I01 - Validador de rangos.csproj", "{C7CFDCF9-5319-4A40-B52B-657374F0CEDE}"
EndProject
Project("{9A19103F-16F7-4668-BE54-9A1E7A4F7556}") = "Entidades", "..\Entidades\Entidades.csproj", "{E2FA61FD-EE3C-4B66-9F2E-E097B843B58F}"
EndProject
Project("{9A19103F-16F7-4668-BE54-9A1E7A4F7556}") = "Ejercicio I04 - La calculadora", "..\Ejercicio I04 - La calculadora\Ejercicio I04 - La calculadora.csproj", "{8FD6238C-F09F-4427-AB8E-A3AB2CC3C935}"
EndProject
Project("{9A19103F-16F7-4668-BE54-9A1E7A4F7556}") = "Ejercicio I05 - Aprendete las tablas", "..\Ejercicio I05 - Aprendete las tablas\Ejercicio I05 - Aprendete las tablas.csproj", "{458B83AE-28EB-4EA6-8673-B185AAD3AF1A}"
EndProject
Project("{9A19103F-16F7-4668-BE54-9A1E7A4F7556}") = "Ejercicio I02 - Desea continuar", "..\Ejercicio I02 - Desea continuar\Ejercicio I02 - Desea continuar.csproj", "{171499F3-30FE-4106-8261-94DCCF790E6C}"
EndProject
Project("{9A19103F-16F7-4668-BE54-9A1E7A4F7556}") = "Ejercicio I03 - Conversor binario", "..\Ejercicio I03 - Conversor binario\Ejercicio I03 - Conversor binario.csproj", "{A54BE44C-4415-4B34-95AA-4F33380DBDCE}"
EndProject
Project("{9A19103F-16F7-4668-BE54-9A1E7A4F7556}") = "Ejercicio I06 - Calculadora de áreas", "..\Ejercicio I06 - Calculadora de áreas\Ejercicio I06 - Calculadora de áreas.csproj", "{84BDB921-A258-47E8-A58E-62C5F3F499CF}"
EndProject
Project("{9A19103F-16F7-4668-BE54-9A1E7A4F7556}") = "Ejercicio I07 - Pitágoras estaría orgulloso", "..\Ejercicio I07 - Pitágoras estaría orgulloso\Ejercicio I07 - Pitágoras estaría orgulloso.csproj", "{618E0E19-B572-41F8-9799-80F561589B03}"
EndProject
Project("{9A19103F-16F7-4668-BE54-9A1E7A4F7556}") = "Ejercicio I08 - El tiempo pasa", "..\Ejercicio I08 - El tiempo pasa\Ejercicio I08 - El tiempo pasa.csproj", "{E9F15A2F-FD91-42A0-A160-BC68CA12227E}"
EndProject
Project("{9A19103F-16F7-4668-BE54-9A1E7A4F7556}") = "Ejercicio A01 - Calcular un factorial", "..\Ejercicio A01 - Calcular un factorial\Ejercicio A01 - Calcular un factorial.csproj", "{993EACFC-E2CA-4EB8-B973-0810ECFA02C2}"
EndProject
Global
	GlobalSection(SolutionConfigurationPlatforms) = preSolution
		Debug|Any CPU = Debug|Any CPU
		Release|Any CPU = Release|Any CPU
	EndGlobalSection
	GlobalSection(ProjectConfigurationPlatforms) = postSolution
		{C7CFDCF9-5319-4A40-B52B-657374F0CEDE}.Debug|Any CPU.ActiveCfg = Debug|Any CPU
		{C7CFDCF9-5319-4A40-B52B-657374F0CEDE}.Debug|Any CPU.Build.0 = Debug|Any CPU
		{C7CFDCF9-5319-4A40-B52B-657374F0CEDE}.Release|Any CPU.ActiveCfg = Release|Any CPU
		{C7CFDCF9-5319-4A40-B52B-657374F0CEDE}.Release|Any CPU.Build.0 = Release|Any CPU
		{E2FA61FD-EE3C-4B66-9F2E-E097B843B58F}.Debug|Any CPU.ActiveCfg = Debug|Any CPU
		{E2FA61FD-EE3C-4B66-9F2E-E097B843B58F}.Debug|Any CPU.Build.0 = Debug|Any CPU
		{E2FA61FD-EE3C-4B66-9F2E-E097B843B58F}.Release|Any CPU.ActiveCfg = Release|Any CPU
		{E2FA61FD-EE3C-4B66-9F2E-E097B843B58F}.Release|Any CPU.Build.0 = Release|Any CPU
		{8FD6238C-F09F-4427-AB8E-A3AB2CC3C935}.Debug|Any CPU.ActiveCfg = Debug|Any CPU
		{8FD6238C-F09F-4427-AB8E-A3AB2CC3C935}.Debug|Any CPU.Build.0 = Debug|Any CPU
		{8FD6238C-F09F-4427-AB8E-A3AB2CC3C935}.Release|Any CPU.ActiveCfg = Release|Any CPU
		{8FD6238C-F09F-4427-AB8E-A3AB2CC3C935}.Release|Any CPU.Build.0 = Release|Any CPU
		{458B83AE-28EB-4EA6-8673-B185AAD3AF1A}.Debug|Any CPU.ActiveCfg = Debug|Any CPU
		{458B83AE-28EB-4EA6-8673-B185AAD3AF1A}.Debug|Any CPU.Build.0 = Debug|Any CPU
		{458B83AE-28EB-4EA6-8673-B185AAD3AF1A}.Release|Any CPU.ActiveCfg = Release|Any CPU
		{458B83AE-28EB-4EA6-8673-B185AAD3AF1A}.Release|Any CPU.Build.0 = Release|Any CPU
		{171499F3-30FE-4106-8261-94DCCF790E6C}.Debug|Any CPU.ActiveCfg = Debug|Any CPU
		{171499F3-30FE-4106-8261-94DCCF790E6C}.Debug|Any CPU.Build.0 = Debug|Any CPU
		{171499F3-30FE-4106-8261-94DCCF790E6C}.Release|Any CPU.ActiveCfg = Release|Any CPU
		{171499F3-30FE-4106-8261-94DCCF790E6C}.Release|Any CPU.Build.0 = Release|Any CPU
		{A54BE44C-4415-4B34-95AA-4F33380DBDCE}.Debug|Any CPU.ActiveCfg = Debug|Any CPU
		{A54BE44C-4415-4B34-95AA-4F33380DBDCE}.Debug|Any CPU.Build.0 = Debug|Any CPU
		{A54BE44C-4415-4B34-95AA-4F33380DBDCE}.Release|Any CPU.ActiveCfg = Release|Any CPU
		{A54BE44C-4415-4B34-95AA-4F33380DBDCE}.Release|Any CPU.Build.0 = Release|Any CPU
		{84BDB921-A258-47E8-A58E-62C5F3F499CF}.Debug|Any CPU.ActiveCfg = Debug|Any CPU
		{84BDB921-A258-47E8-A58E-62C5F3F499CF}.Debug|Any CPU.Build.0 = Debug|Any CPU
		{84BDB921-A258-47E8-A58E-62C5F3F499CF}.Release|Any CPU.ActiveCfg = Release|Any CPU
		{84BDB921-A258-47E8-A58E-62C5F3F499CF}.Release|Any CPU.Build.0 = Release|Any CPU
		{618E0E19-B572-41F8-9799-80F561589B03}.Debug|Any CPU.ActiveCfg = Debug|Any CPU
		{618E0E19-B572-41F8-9799-80F561589B03}.Debug|Any CPU.Build.0 = Debug|Any CPU
		{618E0E19-B572-41F8-9799-80F561589B03}.Release|Any CPU.ActiveCfg = Release|Any CPU
		{618E0E19-B572-41F8-9799-80F561589B03}.Release|Any CPU.Build.0 = Release|Any CPU
		{E9F15A2F-FD91-42A0-A160-BC68CA12227E}.Debug|Any CPU.ActiveCfg = Debug|Any CPU
		{E9F15A2F-FD91-42A0-A160-BC68CA12227E}.Debug|Any CPU.Build.0 = Debug|Any CPU
		{E9F15A2F-FD91-42A0-A160-BC68CA12227E}.Release|Any CPU.ActiveCfg = Release|Any CPU
		{E9F15A2F-FD91-42A0-A160-BC68CA12227E}.Release|Any CPU.Build.0 = Release|Any CPU
		{993EACFC-E2CA-4EB8-B973-0810ECFA02C2}.Debug|Any CPU.ActiveCfg = Debug|Any CPU
		{993EACFC-E2CA-4EB8-B973-0810ECFA02C2}.Debug|Any CPU.Build.0 = Debug|Any CPU
		{993EACFC-E2CA-4EB8-B973-0810ECFA02C2}.Release|Any CPU.ActiveCfg = Release|Any CPU
		{993EACFC-E2CA-4EB8-B973-0810ECFA02C2}.Release|Any CPU.Build.0 = Release|Any CPU
	EndGlobalSection
	GlobalSection(SolutionProperties) = preSolution
		HideSolutionNode = FALSE
	EndGlobalSection
	GlobalSection(ExtensibilityGlobals) = postSolution
		SolutionGuid = {420D9A6B-173D-45FC-A0F1-CDC7D83E26C9}
	EndGlobalSection
EndGlobal
