
Microsoft Visual Studio Solution File, Format Version 12.00
# Visual Studio Version 17
VisualStudioVersion = 17.9.34728.123
MinimumVisualStudioVersion = 10.0.40219.1
Project("{9A19103F-16F7-4668-BE54-9A1E7A4F7556}") = "I01 - El viajar es un placer", "I01 - El viajar es un placer\I01 - El viajar es un placer.csproj", "{8985A32F-D5A2-4F12-A2EF-C67EF179ADB3}"
EndProject
Project("{9A19103F-16F7-4668-BE54-9A1E7A4F7556}") = "ElViajarEsUnPlacerEntidades", "ElViajarEsUnPlacerEntidades\ElViajarEsUnPlacerEntidades.csproj", "{74986137-FF53-4294-B2DD-F3EFFB5AA64E}"
EndProject
Global
	GlobalSection(SolutionConfigurationPlatforms) = preSolution
		Debug|Any CPU = Debug|Any CPU
		Release|Any CPU = Release|Any CPU
	EndGlobalSection
	GlobalSection(ProjectConfigurationPlatforms) = postSolution
		{8985A32F-D5A2-4F12-A2EF-C67EF179ADB3}.Debug|Any CPU.ActiveCfg = Debug|Any CPU
		{8985A32F-D5A2-4F12-A2EF-C67EF179ADB3}.Debug|Any CPU.Build.0 = Debug|Any CPU
		{8985A32F-D5A2-4F12-A2EF-C67EF179ADB3}.Release|Any CPU.ActiveCfg = Release|Any CPU
		{8985A32F-D5A2-4F12-A2EF-C67EF179ADB3}.Release|Any CPU.Build.0 = Release|Any CPU
		{74986137-FF53-4294-B2DD-F3EFFB5AA64E}.Debug|Any CPU.ActiveCfg = Debug|Any CPU
		{74986137-FF53-4294-B2DD-F3EFFB5AA64E}.Debug|Any CPU.Build.0 = Debug|Any CPU
		{74986137-FF53-4294-B2DD-F3EFFB5AA64E}.Release|Any CPU.ActiveCfg = Release|Any CPU
		{74986137-FF53-4294-B2DD-F3EFFB5AA64E}.Release|Any CPU.Build.0 = Release|Any CPU
	EndGlobalSection
	GlobalSection(SolutionProperties) = preSolution
		HideSolutionNode = FALSE
	EndGlobalSection
	GlobalSection(ExtensibilityGlobals) = postSolution
		SolutionGuid = {79489D4A-EB05-41A1-ABCF-C768C6A26604}
	EndGlobalSection
EndGlobal
