
Microsoft Visual Studio Solution File, Format Version 12.00
# Visual Studio Version 17
VisualStudioVersion = 17.10.35004.147
MinimumVisualStudioVersion = 10.0.40219.1
Project("{FAE04EC0-301F-11D3-BF4B-00C04F79EFBC}") = "Biblioteca", "Biblioteca\Biblioteca.csproj", "{6CCDCD9C-989B-4B65-AA0A-99FEE8E658CD}"
EndProject
Project("{FAE04EC0-301F-11D3-BF4B-00C04F79EFBC}") = "Test", "Test\Test.csproj", "{0EDAB638-BFFA-4158-9653-81AAC73D7729}"
EndProject
Global
	GlobalSection(SolutionConfigurationPlatforms) = preSolution
		Debug|Any CPU = Debug|Any CPU
		Release|Any CPU = Release|Any CPU
	EndGlobalSection
	GlobalSection(ProjectConfigurationPlatforms) = postSolution
		{6CCDCD9C-989B-4B65-AA0A-99FEE8E658CD}.Debug|Any CPU.ActiveCfg = Debug|Any CPU
		{6CCDCD9C-989B-4B65-AA0A-99FEE8E658CD}.Debug|Any CPU.Build.0 = Debug|Any CPU
		{6CCDCD9C-989B-4B65-AA0A-99FEE8E658CD}.Release|Any CPU.ActiveCfg = Release|Any CPU
		{6CCDCD9C-989B-4B65-AA0A-99FEE8E658CD}.Release|Any CPU.Build.0 = Release|Any CPU
		{0EDAB638-BFFA-4158-9653-81AAC73D7729}.Debug|Any CPU.ActiveCfg = Debug|Any CPU
		{0EDAB638-BFFA-4158-9653-81AAC73D7729}.Debug|Any CPU.Build.0 = Debug|Any CPU
		{0EDAB638-BFFA-4158-9653-81AAC73D7729}.Release|Any CPU.ActiveCfg = Release|Any CPU
		{0EDAB638-BFFA-4158-9653-81AAC73D7729}.Release|Any CPU.Build.0 = Release|Any CPU
	EndGlobalSection
	GlobalSection(SolutionProperties) = preSolution
		HideSolutionNode = FALSE
	EndGlobalSection
	GlobalSection(ExtensibilityGlobals) = postSolution
		SolutionGuid = {041DBC27-061B-4D38-921A-C61FFCCDAC9B}
	EndGlobalSection
EndGlobal
