
Microsoft Visual Studio Solution File, Format Version 12.00
# Visual Studio Version 17
VisualStudioVersion = 17.10.35004.147
MinimumVisualStudioVersion = 10.0.40219.1
Project("{FAE04EC0-301F-11D3-BF4B-00C04F79EFBC}") = "Test", "Test\Test.csproj", "{C3798E2D-BF55-4E52-B5EE-A6018F713BA1}"
EndProject
Project("{FAE04EC0-301F-11D3-BF4B-00C04F79EFBC}") = "Entidades", "Entidades\Entidades.csproj", "{3AE14BC6-0FAF-4065-AD3B-F55F8BD8EBFC}"
EndProject
Project("{FAE04EC0-301F-11D3-BF4B-00C04F79EFBC}") = "TestUnitarios", "TestUnitarios\TestUnitarios.csproj", "{20DA36A0-C84F-4FB2-8F06-3D6923B57253}"
EndProject
Global
	GlobalSection(SolutionConfigurationPlatforms) = preSolution
		Debug|Any CPU = Debug|Any CPU
		Release|Any CPU = Release|Any CPU
	EndGlobalSection
	GlobalSection(ProjectConfigurationPlatforms) = postSolution
		{C3798E2D-BF55-4E52-B5EE-A6018F713BA1}.Debug|Any CPU.ActiveCfg = Debug|Any CPU
		{C3798E2D-BF55-4E52-B5EE-A6018F713BA1}.Debug|Any CPU.Build.0 = Debug|Any CPU
		{C3798E2D-BF55-4E52-B5EE-A6018F713BA1}.Release|Any CPU.ActiveCfg = Release|Any CPU
		{C3798E2D-BF55-4E52-B5EE-A6018F713BA1}.Release|Any CPU.Build.0 = Release|Any CPU
		{3AE14BC6-0FAF-4065-AD3B-F55F8BD8EBFC}.Debug|Any CPU.ActiveCfg = Debug|Any CPU
		{3AE14BC6-0FAF-4065-AD3B-F55F8BD8EBFC}.Debug|Any CPU.Build.0 = Debug|Any CPU
		{3AE14BC6-0FAF-4065-AD3B-F55F8BD8EBFC}.Release|Any CPU.ActiveCfg = Release|Any CPU
		{3AE14BC6-0FAF-4065-AD3B-F55F8BD8EBFC}.Release|Any CPU.Build.0 = Release|Any CPU
		{20DA36A0-C84F-4FB2-8F06-3D6923B57253}.Debug|Any CPU.ActiveCfg = Debug|Any CPU
		{20DA36A0-C84F-4FB2-8F06-3D6923B57253}.Debug|Any CPU.Build.0 = Debug|Any CPU
		{20DA36A0-C84F-4FB2-8F06-3D6923B57253}.Release|Any CPU.ActiveCfg = Release|Any CPU
		{20DA36A0-C84F-4FB2-8F06-3D6923B57253}.Release|Any CPU.Build.0 = Release|Any CPU
	EndGlobalSection
	GlobalSection(SolutionProperties) = preSolution
		HideSolutionNode = FALSE
	EndGlobalSection
	GlobalSection(ExtensibilityGlobals) = postSolution
		SolutionGuid = {87E50598-BA93-466E-9183-83293772D800}
	EndGlobalSection
EndGlobal
